# THIS IS AN AUTOGENERATED FILE. DO NOT EDIT THIS FILE DIRECTLY.
# yarn lockfile v1


vue@^2.6.2:
  version "2.6.2"
  resolved "https://registry.yarnpkg.com/vue/-/vue-2.6.2.tgz#1cc9c9c8f7ba8df45e9b97c284947de78b76301c"
  integrity sha512-NZAb0H+t3/99g2nygURcEJ+ncvzNLPiEiFI5MGhc1Cjsw5uYprF+Ol7SOd1RXPcmVVzK7jUBl0th2tNgt+VQDg==
